
Microsoft Visual Studio Solution File, Format Version 12.00
# Visual Studio Version 16
VisualStudioVersion = 16.0.33214.272
MinimumVisualStudioVersion = 10.0.40219.1
Project("{FAE04EC0-301F-11D3-BF4B-00C04F79EFBC}") = "MovieRecommendationSystem.WEBUI", "MovieRecommendationSystem.WEBUI.csproj", "{C77CE0E4-FF3B-43ED-BDC6-289424602BE7}"
EndProject
Project("{FAE04EC0-301F-11D3-BF4B-00C04F79EFBC}") = "MovieRecommendationSystem.EntityLayer", "..\MovieRecommendationSystem.EntityLayer\MovieRecommendationSystem.EntityLayer.csproj", "{DA70347B-EA42-47D4-9153-7F14DEF90DFA}"
EndProject
Project("{FAE04EC0-301F-11D3-BF4B-00C04F79EFBC}") = "MovieRecommendationSystem.DAL", "..\MovieRecommendationSystem.DAL\MovieRecommendationSystem.DAL.csproj", "{B5C10059-7692-4970-905A-857E1CDEB7C5}"
EndProject
Project("{FAE04EC0-301F-11D3-BF4B-00C04F79EFBC}") = "MovieRecommendationSystem.BLL", "..\MovieRecommendationSystem.BLL\MovieRecommendationSystem.BLL.csproj", "{3DD06043-E5F9-405C-9875-9CBADDE98FFB}"
EndProject
Project("{FAE04EC0-301F-11D3-BF4B-00C04F79EFBC}") = "MovieRecommendationSystem.Core", "..\ClassLibrary1\MovieRecommendationSystem.Core.csproj", "{4612E201-0239-4F5B-A687-DA7A8D771BDA}"
EndProject
Global
	GlobalSection(SolutionConfigurationPlatforms) = preSolution
		Debug|Any CPU = Debug|Any CPU
		Release|Any CPU = Release|Any CPU
	EndGlobalSection
	GlobalSection(ProjectConfigurationPlatforms) = postSolution
		{C77CE0E4-FF3B-43ED-BDC6-289424602BE7}.Debug|Any CPU.ActiveCfg = Debug|Any CPU
		{C77CE0E4-FF3B-43ED-BDC6-289424602BE7}.Debug|Any CPU.Build.0 = Debug|Any CPU
		{C77CE0E4-FF3B-43ED-BDC6-289424602BE7}.Release|Any CPU.ActiveCfg = Release|Any CPU
		{C77CE0E4-FF3B-43ED-BDC6-289424602BE7}.Release|Any CPU.Build.0 = Release|Any CPU
		{DA70347B-EA42-47D4-9153-7F14DEF90DFA}.Debug|Any CPU.ActiveCfg = Debug|Any CPU
		{DA70347B-EA42-47D4-9153-7F14DEF90DFA}.Debug|Any CPU.Build.0 = Debug|Any CPU
		{DA70347B-EA42-47D4-9153-7F14DEF90DFA}.Release|Any CPU.ActiveCfg = Release|Any CPU
		{DA70347B-EA42-47D4-9153-7F14DEF90DFA}.Release|Any CPU.Build.0 = Release|Any CPU
		{B5C10059-7692-4970-905A-857E1CDEB7C5}.Debug|Any CPU.ActiveCfg = Debug|Any CPU
		{B5C10059-7692-4970-905A-857E1CDEB7C5}.Debug|Any CPU.Build.0 = Debug|Any CPU
		{B5C10059-7692-4970-905A-857E1CDEB7C5}.Release|Any CPU.ActiveCfg = Release|Any CPU
		{B5C10059-7692-4970-905A-857E1CDEB7C5}.Release|Any CPU.Build.0 = Release|Any CPU
		{3DD06043-E5F9-405C-9875-9CBADDE98FFB}.Debug|Any CPU.ActiveCfg = Debug|Any CPU
		{3DD06043-E5F9-405C-9875-9CBADDE98FFB}.Debug|Any CPU.Build.0 = Debug|Any CPU
		{3DD06043-E5F9-405C-9875-9CBADDE98FFB}.Release|Any CPU.ActiveCfg = Release|Any CPU
		{3DD06043-E5F9-405C-9875-9CBADDE98FFB}.Release|Any CPU.Build.0 = Release|Any CPU
		{4612E201-0239-4F5B-A687-DA7A8D771BDA}.Debug|Any CPU.ActiveCfg = Debug|Any CPU
		{4612E201-0239-4F5B-A687-DA7A8D771BDA}.Debug|Any CPU.Build.0 = Debug|Any CPU
		{4612E201-0239-4F5B-A687-DA7A8D771BDA}.Release|Any CPU.ActiveCfg = Release|Any CPU
		{4612E201-0239-4F5B-A687-DA7A8D771BDA}.Release|Any CPU.Build.0 = Release|Any CPU
	EndGlobalSection
	GlobalSection(SolutionProperties) = preSolution
		HideSolutionNode = FALSE
	EndGlobalSection
	GlobalSection(ExtensibilityGlobals) = postSolution
		SolutionGuid = {DB8BB63B-8628-4AF2-A52A-37AF4D445C4D}
	EndGlobalSection
EndGlobal
